// !$*UTF8*$!
{
	archiveVersion = 1;
	classes = {
	};
	objectVersion = 46;
	objects = {

/* Begin PBXBuildFile section */
		4D3109421E52431A004A214C /* main.cpp in Sources */ = {isa = PBXBuildFile; fileRef = 4D3109411E52431A004A214C /* main.cpp */; };
		4D31094A1E524455004A214C /* OpenCL.framework in Frameworks */ = {isa = PBXBuildFile; fileRef = 4D3109491E524455004A214C /* OpenCL.framework */; };
		4D31094D1E525980004A214C /* Informer.cpp in Sources */ = {isa = PBXBuildFile; fileRef = 4D31094B1E525980004A214C /* Informer.cpp */; };
		4DD6A6BD1E532131007DA457 /* hello.cl in Copy Files */ = {isa = PBXBuildFile; fileRef = 4DD6A6BC1E5320C2007DA457 /* hello.cl */; settings = {ATTRIBUTES = (CodeSignOnCopy, ); }; };
/* End PBXBuildFile section */

/* Begin PBXCopyFilesBuildPhase section */
		4D31093C1E52431A004A214C /* Copy Files */ = {
			isa = PBXCopyFilesBuildPhase;
			buildActionMask = 12;
			dstPath = "";
			dstSubfolderSpec = 16;
			files = (
				4DD6A6BD1E532131007DA457 /* hello.cl in Copy Files */,
			);
			name = "Copy Files";
			runOnlyForDeploymentPostprocessing = 0;
		};
/* End PBXCopyFilesBuildPhase section */

/* Begin PBXFileReference section */
		4D31093E1E52431A004A214C /* FirstOpenCL */ = {isa = PBXFileReference; explicitFileType = "compiled.mach-o.executable"; includeInIndex = 0; path = FirstOpenCL; sourceTree = BUILT_PRODUCTS_DIR; };
		4D3109411E52431A004A214C /* main.cpp */ = {isa = PBXFileReference; lastKnownFileType = sourcecode.cpp.cpp; path = main.cpp; sourceTree = "<group>"; };
		4D3109491E524455004A214C /* OpenCL.framework */ = {isa = PBXFileReference; lastKnownFileType = wrapper.framework; name = OpenCL.framework; path = System/Library/Frameworks/OpenCL.framework; sourceTree = SDKROOT; };
		4D31094B1E525980004A214C /* Informer.cpp */ = {isa = PBXFileReference; fileEncoding = 4; lastKnownFileType = sourcecode.cpp.cpp; path = Informer.cpp; sourceTree = "<group>"; };
		4D31094C1E525980004A214C /* Informer.hpp */ = {isa = PBXFileReference; fileEncoding = 4; lastKnownFileType = sourcecode.cpp.h; path = Informer.hpp; sourceTree = "<group>"; };
		4DD6A6BC1E5320C2007DA457 /* hello.cl */ = {isa = PBXFileReference; lastKnownFileType = sourcecode.opencl; path = hello.cl; sourceTree = "<group>"; };
/* End PBXFileReference section */

/* Begin PBXFrameworksBuildPhase section */
		4D31093B1E52431A004A214C /* Frameworks */ = {
			isa = PBXFrameworksBuildPhase;
			buildActionMask = 2147483647;
			files = (
				4D31094A1E524455004A214C /* OpenCL.framework in Frameworks */,
			);
			runOnlyForDeploymentPostprocessing = 0;
		};
/* End PBXFrameworksBuildPhase section */

/* Begin PBXGroup section */
		4D3109351E52431A004A214C = {
			isa = PBXGroup;
			children = (
				4D3109401E52431A004A214C /* FirstOpenCL */,
				4D31093F1E52431A004A214C /* Products */,
				4D3109481E524455004A214C /* Frameworks */,
			);
			sourceTree = "<group>";
		};
		4D31093F1E52431A004A214C /* Products */ = {
			isa = PBXGroup;
			children = (
				4D31093E1E52431A004A214C /* FirstOpenCL */,
			);
			name = Products;
			sourceTree = "<group>";
		};
		4D3109401E52431A004A214C /* FirstOpenCL */ = {
			isa = PBXGroup;
			children = (
				4DD6A6BB1E53209F007DA457 /* kernel */,
				4D3109411E52431A004A214C /* main.cpp */,
				4D31094B1E525980004A214C /* Informer.cpp */,
				4D31094C1E525980004A214C /* Informer.hpp */,
			);
			path = FirstOpenCL;
			sourceTree = "<group>";
		};
		4D3109481E524455004A214C /* Frameworks */ = {
			isa = PBXGroup;
			children = (
				4D3109491E524455004A214C /* OpenCL.framework */,
			);
			name = Frameworks;
			sourceTree = "<group>";
		};
		4DD6A6BB1E53209F007DA457 /* kernel */ = {
			isa = PBXGroup;
			children = (
				4DD6A6BC1E5320C2007DA457 /* hello.cl */,
			);
			name = kernel;
			sourceTree = "<group>";
		};
/* End PBXGroup section */

/* Begin PBXNativeTarget section */
		4D31093D1E52431A004A214C /* FirstOpenCL */ = {
			isa = PBXNativeTarget;
			buildConfigurationList = 4D3109451E52431A004A214C /* Build configuration list for PBXNativeTarget "FirstOpenCL" */;
			buildPhases = (
				4D31093A1E52431A004A214C /* Sources */,
				4D31093B1E52431A004A214C /* Frameworks */,
				4D31093C1E52431A004A214C /* Copy Files */,
			);
			buildRules = (
			);
			dependencies = (
			);
			name = FirstOpenCL;
			productName = FirstOpenCL;
			productReference = 4D31093E1E52431A004A214C /* FirstOpenCL */;
			productType = "com.apple.product-type.tool";
		};
/* End PBXNativeTarget section */

/* Begin PBXProject section */
		4D3109361E52431A004A214C /* Project object */ = {
			isa = PBXProject;
			attributes = {
				LastUpgradeCheck = 0820;
				ORGANIZATIONNAME = batlab;
				TargetAttributes = {
					4D31093D1E52431A004A214C = {
						CreatedOnToolsVersion = 8.2.1;
						ProvisioningStyle = Automatic;
					};
				};
			};
			buildConfigurationList = 4D3109391E52431A004A214C /* Build configuration list for PBXProject "FirstOpenCL" */;
			compatibilityVersion = "Xcode 3.2";
			developmentRegion = English;
			hasScannedForEncodings = 0;
			knownRegions = (
				en,
			);
			mainGroup = 4D3109351E52431A004A214C;
			productRefGroup = 4D31093F1E52431A004A214C /* Products */;
			projectDirPath = "";
			projectRoot = "";
			targets = (
				4D31093D1E52431A004A214C /* FirstOpenCL */,
			);
		};
/* End PBXProject section */

/* Begin PBXSourcesBuildPhase section */
		4D31093A1E52431A004A214C /* Sources */ = {
			isa = PBXSourcesBuildPhase;
			buildActionMask = 2147483647;
			files = (
				4D3109421E52431A004A214C /* main.cpp in Sources */,
				4D31094D1E525980004A214C /* Informer.cpp in Sources */,
			);
			runOnlyForDeploymentPostprocessing = 0;
		};
/* End PBXSourcesBuildPhase section */

/* Begin XCBuildConfiguration section */
		4D3109431E52431A004A214C /* Debug */ = {
			isa = XCBuildConfiguration;
			buildSettings = {
				ALWAYS_SEARCH_USER_PATHS = NO;
				CLANG_ANALYZER_NONNULL = YES;
				CLANG_CXX_LANGUAGE_STANDARD = "gnu++0x";
				CLANG_CXX_LIBRARY = "libc++";
				CLANG_ENABLE_MODULES = YES;
				CLANG_ENABLE_OBJC_ARC = YES;
				CLANG_WARN_BOOL_CONVERSION = YES;
				CLANG_WARN_CONSTANT_CONVERSION = YES;
				CLANG_WARN_DIRECT_OBJC_ISA_USAGE = YES_ERROR;
				CLANG_WARN_DOCUMENTATION_COMMENTS = YES;
				CLANG_WARN_EMPTY_BODY = YES;
				CLANG_WARN_ENUM_CONVERSION = YES;
				CLANG_WARN_INFINITE_RECURSION = YES;
				CLANG_WARN_INT_CONVERSION = YES;
				CLANG_WARN_OBJC_ROOT_CLASS = YES_ERROR;
				CLANG_WARN_SUSPICIOUS_MOVE = YES;
				CLANG_WARN_UNREACHABLE_CODE = YES;
				CLANG_WARN__DUPLICATE_METHOD_MATCH = YES;
				CODE_SIGN_IDENTITY = "-";
				COPY_PHASE_STRIP = NO;
				DEBUG_INFORMATION_FORMAT = dwarf;
				ENABLE_STRICT_OBJC_MSGSEND = YES;
				ENABLE_TESTABILITY = YES;
				GCC_C_LANGUAGE_STANDARD = gnu99;
				GCC_DYNAMIC_NO_PIC = NO;
				GCC_NO_COMMON_BLOCKS = YES;
				GCC_OPTIMIZATION_LEVEL = 0;
				GCC_PREPROCESSOR_DEFINITIONS = (
					"DEBUG=1",
					"$(inherited)",
				);
				GCC_WARN_64_TO_32_BIT_CONVERSION = YES;
				GCC_WARN_ABOUT_RETURN_TYPE = YES_ERROR;
				GCC_WARN_UNDECLARED_SELECTOR = YES;
				GCC_WARN_UNINITIALIZED_AUTOS = YES_AGGRESSIVE;
				GCC_WARN_UNUSED_FUNCTION = YES;
				GCC_WARN_UNUSED_VARIABLE = YES;
				MACOSX_DEPLOYMENT_TARGET = 10.12;
				MTL_ENABLE_DEBUG_INFO = YES;
				ONLY_ACTIVE_ARCH = YES;
				SDKROOT = macosx;
			};
			name = Debug;
		};
		4D3109441E52431A004A214C /* Release */ = {
			isa = XCBuildConfiguration;
			buildSettings = {
				ALWAYS_SEARCH_USER_PATHS = NO;
				CLANG_ANALYZER_NONNULL = YES;
				CLANG_CXX_LANGUAGE_STANDARD = "gnu++0x";
				CLANG_CXX_LIBRARY = "libc++";
				CLANG_ENABLE_MODULES = YES;
				CLANG_ENABLE_OBJC_ARC = YES;
				CLANG_WARN_BOOL_CONVERSION = YES;
				CLANG_WARN_CONSTANT_CONVERSION = YES;
				CLANG_WARN_DIRECT_OBJC_ISA_USAGE = YES_ERROR;
				CLANG_WARN_DOCUMENTATION_COMMENTS = YES;
				CLANG_WARN_EMPTY_BODY = YES;
				CLANG_WARN_ENUM_CONVERSION = YES;
				CLANG_WARN_INFINITE_RECURSION = YES;
				CLANG_WARN_INT_CONVERSION = YES;
				CLANG_WARN_OBJC_ROOT_CLASS = YES_ERROR;
				CLANG_WARN_SUSPICIOUS_MOVE = YES;
				CLANG_WARN_UNREACHABLE_CODE = YES;
				CLANG_WARN__DUPLICATE_METHOD_MATCH = YES;
				CODE_SIGN_IDENTITY = "-";
				COPY_PHASE_STRIP = NO;
				DEBUG_INFORMATION_FORMAT = "dwarf-with-dsym";
				ENABLE_NS_ASSERTIONS = NO;
				ENABLE_STRICT_OBJC_MSGSEND = YES;
				GCC_C_LANGUAGE_STANDARD = gnu99;
				GCC_NO_COMMON_BLOCKS = YES;
				GCC_WARN_64_TO_32_BIT_CONVERSION = YES;
				GCC_WARN_ABOUT_RETURN_TYPE = YES_ERROR;
				GCC_WARN_UNDECLARED_SELECTOR = YES;
				GCC_WARN_UNINITIALIZED_AUTOS = YES_AGGRESSIVE;
				GCC_WARN_UNUSED_FUNCTION = YES;
				GCC_WARN_UNUSED_VARIABLE = YES;
				MACOSX_DEPLOYMENT_TARGET = 10.12;
				MTL_ENABLE_DEBUG_INFO = NO;
				SDKROOT = macosx;
			};
			name = Release;
		};
		4D3109461E52431A004A214C /* Debug */ = {
			isa = XCBuildConfiguration;
			buildSettings = {
				OBJROOT = /Volumes/SEAGATE/Mac/Debug/OpenCL;
				PRODUCT_NAME = "$(TARGET_NAME)";
				SYMROOT = /Volumes/SEAGATE/Mac/Debug/OpenCL;
			};
			name = Debug;
		};
		4D3109471E52431A004A214C /* Release */ = {
			isa = XCBuildConfiguration;
			buildSettings = {
				OBJROOT = /Volumes/SEAGATE/Mac/Debug/OpenCL;
				PRODUCT_NAME = "$(TARGET_NAME)";
				SYMROOT = /Volumes/SEAGATE/Mac/Debug/OpenCL;
			};
			name = Release;
		};
/* End XCBuildConfiguration section */

/* Begin XCConfigurationList section */
		4D3109391E52431A004A214C /* Build configuration list for PBXProject "FirstOpenCL" */ = {
			isa = XCConfigurationList;
			buildConfigurations = (
				4D3109431E52431A004A214C /* Debug */,
				4D3109441E52431A004A214C /* Release */,
			);
			defaultConfigurationIsVisible = 0;
			defaultConfigurationName = Release;
		};
		4D3109451E52431A004A214C /* Build configuration list for PBXNativeTarget "FirstOpenCL" */ = {
			isa = XCConfigurationList;
			buildConfigurations = (
				4D3109461E52431A004A214C /* Debug */,
				4D3109471E52431A004A214C /* Release */,
			);
			defaultConfigurationIsVisible = 0;
			defaultConfigurationName = Release;
		};
/* End XCConfigurationList section */
	};
	rootObject = 4D3109361E52431A004A214C /* Project object */;
}
